<?xml version="1.0" encoding="utf-8"?>
<Project ToolsVersion="4.0" xmlns="http://schemas.microsoft.com/developer/msbuild/2003">
  <ItemGroup>
    <Filter Include="ソース ファイル">
      <UniqueIdentifier>{4FC737F1-C7A5-4376-A066-2A32D752A2FF}</UniqueIdentifier>
      <Extensions>cpp;c;cc;cxx;c++;def;odl;idl;hpj;bat;asm;asmx</Extensions>
    </Filter>
    <Filter Include="ヘッダー ファイル">
      <UniqueIdentifier>{93995380-89BD-4b04-88EB-625FBE52EBFB}</UniqueIdentifier>
      <Extensions>h;hh;hpp;hxx;h++;hm;inl;inc;ipp;xsd</Extensions>
    </Filter>
    <Filter Include="リソース ファイル">
      <UniqueIdentifier>{67DA6AB6-F800-4c08-8B7A-83BB121AAD01}</UniqueIdentifier>
      <Extensions>rc;ico;cur;bmp;dlg;rc2;rct;bin;rgs;gif;jpg;jpeg;jpe;resx;tiff;tif;png;wav;mfcribbon-ms</Extensions>
    </Filter>
    <Filter Include="ヘッダー ファイル\GameMath">
      <UniqueIdentifier>{1c58da04-f391-47d3-9cdc-5055f02e41c8}</UniqueIdentifier>
    </Filter>
    <Filter Include="ヘッダー ファイル\BlockBreaker">
      <UniqueIdentifier>{a47623d5-bf01-4dac-b943-55a6db580630}</UniqueIdentifier>
    </Filter>
    <Filter Include="ヘッダー ファイル\Utility">
      <UniqueIdentifier>{0b5a9025-1a46-4e25-a1aa-5993b196badf}</UniqueIdentifier>
    </Filter>
    <Filter Include="ソース ファイル\GameMath">
      <UniqueIdentifier>{2e9f2be4-e1c4-4cf4-8078-03f389ab23f6}</UniqueIdentifier>
    </Filter>
    <Filter Include="ソース ファイル\BlockBreaker">
      <UniqueIdentifier>{694ec342-2693-4702-926f-3a747b967917}</UniqueIdentifier>
    </Filter>
    <Filter Include="ソース ファイル\Utility">
      <UniqueIdentifier>{24258090-3f1c-4dd3-bf76-eaa47ab401d3}</UniqueIdentifier>
    </Filter>
  </ItemGroup>
  <ItemGroup>
    <Image Include="Image\Blocks.png">
      <Filter>リソース ファイル</Filter>
    </Image>
    <Image Include="Image\Bar.png">
      <Filter>リソース ファイル</Filter>
    </Image>
    <Image Include="Image\Ball.png">
      <Filter>リソース ファイル</Filter>
    </Image>
    <Image Include="Image\GreenBlock.png">
      <Filter>リソース ファイル</Filter>
    </Image>
  </ItemGroup>
  <ItemGroup>
    <ClCompile Include="Script\GameMath\Vector2.cpp">
      <Filter>ソース ファイル\GameMath</Filter>
    </ClCompile>
    <ClCompile Include="Script\BlockBreaker\Ball.cpp">
      <Filter>ソース ファイル\BlockBreaker</Filter>
    </ClCompile>
    <ClCompile Include="Script\BlockBreaker\Bar.cpp">
      <Filter>ソース ファイル\BlockBreaker</Filter>
    </ClCompile>
    <ClCompile Include="Script\BlockBreaker\Blocks.cpp">
      <Filter>ソース ファイル\BlockBreaker</Filter>
    </ClCompile>
    <ClCompile Include="Script\BlockBreaker\GameObject.cpp">
      <Filter>ソース ファイル\BlockBreaker</Filter>
    </ClCompile>
    <ClCompile Include="Script\BlockBreaker\Player.cpp">
      <Filter>ソース ファイル\BlockBreaker</Filter>
    </ClCompile>
    <ClCompile Include="Script\GameMath\Circle.cpp">
      <Filter>ソース ファイル\GameMath</Filter>
    </ClCompile>
    <ClCompile Include="Script\GameMath\CollisionDetector.cpp">
      <Filter>ソース ファイル\GameMath</Filter>
    </ClCompile>
    <ClCompile Include="Script\GameMath\Box.cpp">
      <Filter>ソース ファイル\GameMath</Filter>
    </ClCompile>
    <ClCompile Include="Script\GameMath\Capsule.cpp">
      <Filter>ソース ファイル\GameMath</Filter>
    </ClCompile>
    <ClCompile Include="Script\GameMath\LineSegment.cpp">
      <Filter>ソース ファイル\GameMath</Filter>
    </ClCompile>
    <ClCompile Include="Script\Main.cpp">
      <Filter>ソース ファイル</Filter>
    </ClCompile>
    <ClCompile Include="Script\Utility\GameManager.cpp">
      <Filter>ソース ファイル\Utility</Filter>
    </ClCompile>
    <ClCompile Include="Script\GameMath\Shape.cpp">
      <Filter>ソース ファイル\GameMath</Filter>
    </ClCompile>
  </ItemGroup>
  <ItemGroup>
    <ClInclude Include="Script\GameMath\Vector2.h">
      <Filter>ヘッダー ファイル\GameMath</Filter>
    </ClInclude>
    <ClInclude Include="Script\BlockBreaker\Ball.h">
      <Filter>ヘッダー ファイル\BlockBreaker</Filter>
    </ClInclude>
    <ClInclude Include="Script\BlockBreaker\Bar.h">
      <Filter>ヘッダー ファイル\BlockBreaker</Filter>
    </ClInclude>
    <ClInclude Include="Script\BlockBreaker\Blocks.h">
      <Filter>ヘッダー ファイル\BlockBreaker</Filter>
    </ClInclude>
    <ClInclude Include="Script\BlockBreaker\GameObject.h">
      <Filter>ヘッダー ファイル\BlockBreaker</Filter>
    </ClInclude>
    <ClInclude Include="Script\BlockBreaker\Player.h">
      <Filter>ヘッダー ファイル\BlockBreaker</Filter>
    </ClInclude>
    <ClInclude Include="Script\Utility\Utility.h">
      <Filter>ヘッダー ファイル\Utility</Filter>
    </ClInclude>
    <ClInclude Include="Script\GameMath\Circle.h">
      <Filter>ヘッダー ファイル\GameMath</Filter>
    </ClInclude>
    <ClInclude Include="Script\Utility\GameManager.h">
      <Filter>ヘッダー ファイル\Utility</Filter>
    </ClInclude>
    <ClInclude Include="Script\GameMath\Shape.h">
      <Filter>ヘッダー ファイル\GameMath</Filter>
    </ClInclude>
    <ClInclude Include="Script\GameMath\CollisionDetector.h">
      <Filter>ヘッダー ファイル\GameMath</Filter>
    </ClInclude>
    <ClInclude Include="Script\GameMath\Box.h">
      <Filter>ヘッダー ファイル\GameMath</Filter>
    </ClInclude>
    <ClInclude Include="Script\GameMath\Capsule.h">
      <Filter>ヘッダー ファイル\GameMath</Filter>
    </ClInclude>
    <ClInclude Include="Script\GameMath\LineSegment.h">
      <Filter>ヘッダー ファイル\GameMath</Filter>
    </ClInclude>
  </ItemGroup>
  <ItemGroup>
    <Text Include="data.txt">
      <Filter>リソース ファイル</Filter>
    </Text>
  </ItemGroup>
</Project>